
Microsoft Visual Studio Solution File, Format Version 12.00
# Visual Studio Version 17
VisualStudioVersion = 17.5.33502.453
MinimumVisualStudioVersion = 10.0.40219.1
Project("{FAE04EC0-301F-11D3-BF4B-00C04F79EFBC}") = "KafkaProducerApplication", "KafkaProducerApplication.csproj", "{AF16F174-2CAD-4CEC-9DAA-69491D7D47CE}"
EndProject
Global
	GlobalSection(SolutionConfigurationPlatforms) = preSolution
		Debug|Any CPU = Debug|Any CPU
		Release|Any CPU = Release|Any CPU
	EndGlobalSection
	GlobalSection(ProjectConfigurationPlatforms) = postSolution
		{AF16F174-2CAD-4CEC-9DAA-69491D7D47CE}.Debug|Any CPU.ActiveCfg = Debug|Any CPU
		{AF16F174-2CAD-4CEC-9DAA-69491D7D47CE}.Debug|Any CPU.Build.0 = Debug|Any CPU
		{AF16F174-2CAD-4CEC-9DAA-69491D7D47CE}.Release|Any CPU.ActiveCfg = Release|Any CPU
		{AF16F174-2CAD-4CEC-9DAA-69491D7D47CE}.Release|Any CPU.Build.0 = Release|Any CPU
	EndGlobalSection
	GlobalSection(SolutionProperties) = preSolution
		HideSolutionNode = FALSE
	EndGlobalSection
	GlobalSection(ExtensibilityGlobals) = postSolution
		SolutionGuid = {FC7B7E15-C37F-442E-90E1-4627150D0349}
	EndGlobalSection
EndGlobal
